PODS:
  - DoraemonKit/Core (1.0.6)
  - DoraemonKit/WithGPS (1.0.6):
    - DoraemonKit/Core
  - DoraemonKit/WithLoad (1.0.6):
    - DoraemonKit/Core
  - DoraemonKit/WithMLeaksFinder (1.0.6):
    - DoraemonKit/Core

DEPENDENCIES:
  - DoraemonKit/Core (from `..`)
  - DoraemonKit/WithGPS (from `..`)
  - DoraemonKit/WithLoad (from `..`)
  - DoraemonKit/WithMLeaksFinder (from `..`)

EXTERNAL SOURCES:
  DoraemonKit:
    :path: ".."

SPEC CHECKSUMS:
  DoraemonKit: 4769754c465713b7bc792c73a7bb405819afb9b0

PODFILE CHECKSUM: 832ff5e82bca0f28fbf39da9a461b8ef785d58cf

COCOAPODS: 1.16.2
