PODS:
  - DoraemonKit/Core (3.1.5)
  - DoraemonKit/WithGPS (3.1.5):
    - DoraemonKit/Core
  - DoraemonKit/WithLoad (3.1.5):
    - DoraemonKit/Core
  - DoraemonKit/WithMLeaksFinder (3.1.5):
    - DoraemonKit/Core

DEPENDENCIES:
  - DoraemonKit/Core (from `..`)
  - DoraemonKit/WithGPS (from `..`)
  - DoraemonKit/WithLoad (from `..`)
  - DoraemonKit/WithMLeaksFinder (from `..`)

EXTERNAL SOURCES:
  DoraemonKit:
    :path: ".."

SPEC CHECKSUMS:
  DoraemonKit: 55ee52054f6b09102f230263d67c3969e9a7b2a7

PODFILE CHECKSUM: 832ff5e82bca0f28fbf39da9a461b8ef785d58cf

COCOAPODS: 1.16.2
